
Microsoft Visual Studio Solution File, Format Version 12.00
# Visual Studio 15
VisualStudioVersion = 15.0.28307.102
MinimumVisualStudioVersion = 10.0.40219.1
Project("{FAE04EC0-301F-11D3-BF4B-00C04F79EFBC}") = "Trainer", "Trainer\Trainer.csproj", "{AA03E56A-6598-4742-836D-11223637326E}"
EndProject
Global
	GlobalSection(SolutionConfigurationPlatforms) = preSolution
		Debug|Any CPU = Debug|Any CPU
		Release|Any CPU = Release|Any CPU
	EndGlobalSection
	GlobalSection(ProjectConfigurationPlatforms) = postSolution
		{AA03E56A-6598-4742-836D-11223637326E}.Debug|Any CPU.ActiveCfg = Debug|Any CPU
		{AA03E56A-6598-4742-836D-11223637326E}.Debug|Any CPU.Build.0 = Debug|Any CPU
		{AA03E56A-6598-4742-836D-11223637326E}.Release|Any CPU.ActiveCfg = Release|Any CPU
		{AA03E56A-6598-4742-836D-11223637326E}.Release|Any CPU.Build.0 = Release|Any CPU
	EndGlobalSection
	GlobalSection(SolutionProperties) = preSolution
		HideSolutionNode = FALSE
	EndGlobalSection
	GlobalSection(ExtensibilityGlobals) = postSolution
		SolutionGuid = {FBB2BA82-68DC-43A5-AF14-7463C5A71EF9}
	EndGlobalSection
EndGlobal
